
Microsoft Visual Studio Solution File, Format Version 12.00
# Visual Studio Version 16
VisualStudioVersion = 16.0.31410.357
MinimumVisualStudioVersion = 10.0.40219.1
Project("{FAE04EC0-301F-11D3-BF4B-00C04F79EFBC}") = "BabySiteApp.UWP", "BabySiteApp.UWP\BabySiteApp.UWP.csproj", "{4E29162C-904C-4D88-BFB5-21A154A7A40F}"
EndProject
Project("{FAE04EC0-301F-11D3-BF4B-00C04F79EFBC}") = "BabySiteApp.Android", "BabySiteApp.Android\BabySiteApp.Android.csproj", "{66B15BB1-8E1A-4FAB-AA60-D2052DE33C91}"
EndProject
Project("{FAE04EC0-301F-11D3-BF4B-00C04F79EFBC}") = "BabySiteApp.iOS", "BabySiteApp.iOS\BabySiteApp.iOS.csproj", "{58E5D146-884A-4919-8C4A-67BC29B91AE7}"
EndProject
Project("{FAE04EC0-301F-11D3-BF4B-00C04F79EFBC}") = "BabySiteApp", "BabySiteApp\BabySiteApp.csproj", "{57AF0AC0-96B8-4F33-9B5C-A13FB9AAF3F3}"
EndProject
Global
	GlobalSection(SolutionConfigurationPlatforms) = preSolution
		Debug|Any CPU = Debug|Any CPU
		Debug|ARM = Debug|ARM
		Debug|iPhone = Debug|iPhone
		Debug|iPhoneSimulator = Debug|iPhoneSimulator
		Debug|x64 = Debug|x64
		Debug|x86 = Debug|x86
		Release|Any CPU = Release|Any CPU
		Release|ARM = Release|ARM
		Release|iPhone = Release|iPhone
		Release|iPhoneSimulator = Release|iPhoneSimulator
		Release|x64 = Release|x64
		Release|x86 = Release|x86
	EndGlobalSection
	GlobalSection(ProjectConfigurationPlatforms) = postSolution
		{4E29162C-904C-4D88-BFB5-21A154A7A40F}.Debug|Any CPU.ActiveCfg = Debug|x86
		{4E29162C-904C-4D88-BFB5-21A154A7A40F}.Debug|Any CPU.Build.0 = Debug|x86
		{4E29162C-904C-4D88-BFB5-21A154A7A40F}.Debug|Any CPU.Deploy.0 = Debug|x86
		{4E29162C-904C-4D88-BFB5-21A154A7A40F}.Debug|ARM.ActiveCfg = Debug|ARM
		{4E29162C-904C-4D88-BFB5-21A154A7A40F}.Debug|ARM.Build.0 = Debug|ARM
		{4E29162C-904C-4D88-BFB5-21A154A7A40F}.Debug|ARM.Deploy.0 = Debug|ARM
		{4E29162C-904C-4D88-BFB5-21A154A7A40F}.Debug|iPhone.ActiveCfg = Debug|x86
		{4E29162C-904C-4D88-BFB5-21A154A7A40F}.Debug|iPhone.Build.0 = Debug|x86
		{4E29162C-904C-4D88-BFB5-21A154A7A40F}.Debug|iPhone.Deploy.0 = Debug|x86
		{4E29162C-904C-4D88-BFB5-21A154A7A40F}.Debug|iPhoneSimulator.ActiveCfg = Debug|x86
		{4E29162C-904C-4D88-BFB5-21A154A7A40F}.Debug|iPhoneSimulator.Build.0 = Debug|x86
		{4E29162C-904C-4D88-BFB5-21A154A7A40F}.Debug|iPhoneSimulator.Deploy.0 = Debug|x86
		{4E29162C-904C-4D88-BFB5-21A154A7A40F}.Debug|x64.ActiveCfg = Debug|x64
		{4E29162C-904C-4D88-BFB5-21A154A7A40F}.Debug|x64.Build.0 = Debug|x64
		{4E29162C-904C-4D88-BFB5-21A154A7A40F}.Debug|x64.Deploy.0 = Debug|x64
		{4E29162C-904C-4D88-BFB5-21A154A7A40F}.Debug|x86.ActiveCfg = Debug|x86
		{4E29162C-904C-4D88-BFB5-21A154A7A40F}.Debug|x86.Build.0 = Debug|x86
		{4E29162C-904C-4D88-BFB5-21A154A7A40F}.Debug|x86.Deploy.0 = Debug|x86
		{4E29162C-904C-4D88-BFB5-21A154A7A40F}.Release|Any CPU.ActiveCfg = Release|x86
		{4E29162C-904C-4D88-BFB5-21A154A7A40F}.Release|Any CPU.Build.0 = Release|x86
		{4E29162C-904C-4D88-BFB5-21A154A7A40F}.Release|Any CPU.Deploy.0 = Release|x86
		{4E29162C-904C-4D88-BFB5-21A154A7A40F}.Release|ARM.ActiveCfg = Release|ARM
		{4E29162C-904C-4D88-BFB5-21A154A7A40F}.Release|ARM.Build.0 = Release|ARM
		{4E29162C-904C-4D88-BFB5-21A154A7A40F}.Release|ARM.Deploy.0 = Release|ARM
		{4E29162C-904C-4D88-BFB5-21A154A7A40F}.Release|iPhone.ActiveCfg = Release|x86
		{4E29162C-904C-4D88-BFB5-21A154A7A40F}.Release|iPhone.Build.0 = Release|x86
		{4E29162C-904C-4D88-BFB5-21A154A7A40F}.Release|iPhone.Deploy.0 = Release|x86
		{4E29162C-904C-4D88-BFB5-21A154A7A40F}.Release|iPhoneSimulator.ActiveCfg = Release|x86
		{4E29162C-904C-4D88-BFB5-21A154A7A40F}.Release|iPhoneSimulator.Build.0 = Release|x86
		{4E29162C-904C-4D88-BFB5-21A154A7A40F}.Release|iPhoneSimulator.Deploy.0 = Release|x86
		{4E29162C-904C-4D88-BFB5-21A154A7A40F}.Release|x64.ActiveCfg = Release|x64
		{4E29162C-904C-4D88-BFB5-21A154A7A40F}.Release|x64.Build.0 = Release|x64
		{4E29162C-904C-4D88-BFB5-21A154A7A40F}.Release|x64.Deploy.0 = Release|x64
		{4E29162C-904C-4D88-BFB5-21A154A7A40F}.Release|x86.ActiveCfg = Release|x86
		{4E29162C-904C-4D88-BFB5-21A154A7A40F}.Release|x86.Build.0 = Release|x86
		{4E29162C-904C-4D88-BFB5-21A154A7A40F}.Release|x86.Deploy.0 = Release|x86
		{66B15BB1-8E1A-4FAB-AA60-D2052DE33C91}.Debug|Any CPU.ActiveCfg = Debug|Any CPU
		{66B15BB1-8E1A-4FAB-AA60-D2052DE33C91}.Debug|Any CPU.Build.0 = Debug|Any CPU
		{66B15BB1-8E1A-4FAB-AA60-D2052DE33C91}.Debug|Any CPU.Deploy.0 = Debug|Any CPU
		{66B15BB1-8E1A-4FAB-AA60-D2052DE33C91}.Debug|ARM.ActiveCfg = Debug|Any CPU
		{66B15BB1-8E1A-4FAB-AA60-D2052DE33C91}.Debug|ARM.Build.0 = Debug|Any CPU
		{66B15BB1-8E1A-4FAB-AA60-D2052DE33C91}.Debug|ARM.Deploy.0 = Debug|Any CPU
		{66B15BB1-8E1A-4FAB-AA60-D2052DE33C91}.Debug|iPhone.ActiveCfg = Debug|Any CPU
		{66B15BB1-8E1A-4FAB-AA60-D2052DE33C91}.Debug|iPhone.Build.0 = Debug|Any CPU
		{66B15BB1-8E1A-4FAB-AA60-D2052DE33C91}.Debug|iPhone.Deploy.0 = Debug|Any CPU
		{66B15BB1-8E1A-4FAB-AA60-D2052DE33C91}.Debug|iPhoneSimulator.ActiveCfg = Debug|Any CPU
		{66B15BB1-8E1A-4FAB-AA60-D2052DE33C91}.Debug|iPhoneSimulator.Build.0 = Debug|Any CPU
		{66B15BB1-8E1A-4FAB-AA60-D2052DE33C91}.Debug|iPhoneSimulator.Deploy.0 = Debug|Any CPU
		{66B15BB1-8E1A-4FAB-AA60-D2052DE33C91}.Debug|x64.ActiveCfg = Debug|Any CPU
		{66B15BB1-8E1A-4FAB-AA60-D2052DE33C91}.Debug|x64.Build.0 = Debug|Any CPU
		{66B15BB1-8E1A-4FAB-AA60-D2052DE33C91}.Debug|x64.Deploy.0 = Debug|Any CPU
		{66B15BB1-8E1A-4FAB-AA60-D2052DE33C91}.Debug|x86.ActiveCfg = Debug|Any CPU
		{66B15BB1-8E1A-4FAB-AA60-D2052DE33C91}.Debug|x86.Build.0 = Debug|Any CPU
		{66B15BB1-8E1A-4FAB-AA60-D2052DE33C91}.Debug|x86.Deploy.0 = Debug|Any CPU
		{66B15BB1-8E1A-4FAB-AA60-D2052DE33C91}.Release|Any CPU.ActiveCfg = Release|Any CPU
		{66B15BB1-8E1A-4FAB-AA60-D2052DE33C91}.Release|Any CPU.Build.0 = Release|Any CPU
		{66B15BB1-8E1A-4FAB-AA60-D2052DE33C91}.Release|Any CPU.Deploy.0 = Release|Any CPU
		{66B15BB1-8E1A-4FAB-AA60-D2052DE33C91}.Release|ARM.ActiveCfg = Release|Any CPU
		{66B15BB1-8E1A-4FAB-AA60-D2052DE33C91}.Release|ARM.Build.0 = Release|Any CPU
		{66B15BB1-8E1A-4FAB-AA60-D2052DE33C91}.Release|ARM.Deploy.0 = Release|Any CPU
		{66B15BB1-8E1A-4FAB-AA60-D2052DE33C91}.Release|iPhone.ActiveCfg = Release|Any CPU
		{66B15BB1-8E1A-4FAB-AA60-D2052DE33C91}.Release|iPhone.Build.0 = Release|Any CPU
		{66B15BB1-8E1A-4FAB-AA60-D2052DE33C91}.Release|iPhone.Deploy.0 = Release|Any CPU
		{66B15BB1-8E1A-4FAB-AA60-D2052DE33C91}.Release|iPhoneSimulator.ActiveCfg = Release|Any CPU
		{66B15BB1-8E1A-4FAB-AA60-D2052DE33C91}.Release|iPhoneSimulator.Build.0 = Release|Any CPU
		{66B15BB1-8E1A-4FAB-AA60-D2052DE33C91}.Release|iPhoneSimulator.Deploy.0 = Release|Any CPU
		{66B15BB1-8E1A-4FAB-AA60-D2052DE33C91}.Release|x64.ActiveCfg = Release|Any CPU
		{66B15BB1-8E1A-4FAB-AA60-D2052DE33C91}.Release|x64.Build.0 = Release|Any CPU
		{66B15BB1-8E1A-4FAB-AA60-D2052DE33C91}.Release|x64.Deploy.0 = Release|Any CPU
		{66B15BB1-8E1A-4FAB-AA60-D2052DE33C91}.Release|x86.ActiveCfg = Release|Any CPU
		{66B15BB1-8E1A-4FAB-AA60-D2052DE33C91}.Release|x86.Build.0 = Release|Any CPU
		{66B15BB1-8E1A-4FAB-AA60-D2052DE33C91}.Release|x86.Deploy.0 = Release|Any CPU
		{58E5D146-884A-4919-8C4A-67BC29B91AE7}.Debug|Any CPU.ActiveCfg = Debug|iPhoneSimulator
		{58E5D146-884A-4919-8C4A-67BC29B91AE7}.Debug|Any CPU.Build.0 = Debug|iPhoneSimulator
		{58E5D146-884A-4919-8C4A-67BC29B91AE7}.Debug|Any CPU.Deploy.0 = Debug|iPhoneSimulator
		{58E5D146-884A-4919-8C4A-67BC29B91AE7}.Debug|ARM.ActiveCfg = Debug|iPhone
		{58E5D146-884A-4919-8C4A-67BC29B91AE7}.Debug|ARM.Build.0 = Debug|iPhone
		{58E5D146-884A-4919-8C4A-67BC29B91AE7}.Debug|ARM.Deploy.0 = Debug|iPhone
		{58E5D146-884A-4919-8C4A-67BC29B91AE7}.Debug|iPhone.ActiveCfg = Debug|iPhone
		{58E5D146-884A-4919-8C4A-67BC29B91AE7}.Debug|iPhone.Build.0 = Debug|iPhone
		{58E5D146-884A-4919-8C4A-67BC29B91AE7}.Debug|iPhone.Deploy.0 = Debug|iPhone
		{58E5D146-884A-4919-8C4A-67BC29B91AE7}.Debug|iPhoneSimulator.ActiveCfg = Debug|iPhoneSimulator
		{58E5D146-884A-4919-8C4A-67BC29B91AE7}.Debug|iPhoneSimulator.Build.0 = Debug|iPhoneSimulator
		{58E5D146-884A-4919-8C4A-67BC29B91AE7}.Debug|iPhoneSimulator.Deploy.0 = Debug|iPhoneSimulator
		{58E5D146-884A-4919-8C4A-67BC29B91AE7}.Debug|x64.ActiveCfg = Debug|iPhoneSimulator
		{58E5D146-884A-4919-8C4A-67BC29B91AE7}.Debug|x64.Build.0 = Debug|iPhoneSimulator
		{58E5D146-884A-4919-8C4A-67BC29B91AE7}.Debug|x64.Deploy.0 = Debug|iPhoneSimulator
		{58E5D146-884A-4919-8C4A-67BC29B91AE7}.Debug|x86.ActiveCfg = Debug|iPhoneSimulator
		{58E5D146-884A-4919-8C4A-67BC29B91AE7}.Debug|x86.Build.0 = Debug|iPhoneSimulator
		{58E5D146-884A-4919-8C4A-67BC29B91AE7}.Debug|x86.Deploy.0 = Debug|iPhoneSimulator
		{58E5D146-884A-4919-8C4A-67BC29B91AE7}.Release|Any CPU.ActiveCfg = Release|iPhoneSimulator
		{58E5D146-884A-4919-8C4A-67BC29B91AE7}.Release|Any CPU.Build.0 = Release|iPhoneSimulator
		{58E5D146-884A-4919-8C4A-67BC29B91AE7}.Release|Any CPU.Deploy.0 = Release|iPhoneSimulator
		{58E5D146-884A-4919-8C4A-67BC29B91AE7}.Release|ARM.ActiveCfg = Release|iPhoneSimulator
		{58E5D146-884A-4919-8C4A-67BC29B91AE7}.Release|ARM.Build.0 = Release|iPhoneSimulator
		{58E5D146-884A-4919-8C4A-67BC29B91AE7}.Release|ARM.Deploy.0 = Release|iPhoneSimulator
		{58E5D146-884A-4919-8C4A-67BC29B91AE7}.Release|iPhone.ActiveCfg = Release|iPhone
		{58E5D146-884A-4919-8C4A-67BC29B91AE7}.Release|iPhone.Build.0 = Release|iPhone
		{58E5D146-884A-4919-8C4A-67BC29B91AE7}.Release|iPhone.Deploy.0 = Release|iPhone
		{58E5D146-884A-4919-8C4A-67BC29B91AE7}.Release|iPhoneSimulator.ActiveCfg = Release|iPhoneSimulator
		{58E5D146-884A-4919-8C4A-67BC29B91AE7}.Release|iPhoneSimulator.Build.0 = Release|iPhoneSimulator
		{58E5D146-884A-4919-8C4A-67BC29B91AE7}.Release|iPhoneSimulator.Deploy.0 = Release|iPhoneSimulator
		{58E5D146-884A-4919-8C4A-67BC29B91AE7}.Release|x64.ActiveCfg = Release|iPhoneSimulator
		{58E5D146-884A-4919-8C4A-67BC29B91AE7}.Release|x64.Build.0 = Release|iPhoneSimulator
		{58E5D146-884A-4919-8C4A-67BC29B91AE7}.Release|x64.Deploy.0 = Release|iPhoneSimulator
		{58E5D146-884A-4919-8C4A-67BC29B91AE7}.Release|x86.ActiveCfg = Release|iPhoneSimulator
		{58E5D146-884A-4919-8C4A-67BC29B91AE7}.Release|x86.Build.0 = Release|iPhoneSimulator
		{58E5D146-884A-4919-8C4A-67BC29B91AE7}.Release|x86.Deploy.0 = Release|iPhoneSimulator
		{57AF0AC0-96B8-4F33-9B5C-A13FB9AAF3F3}.Debug|Any CPU.ActiveCfg = Debug|Any CPU
		{57AF0AC0-96B8-4F33-9B5C-A13FB9AAF3F3}.Debug|Any CPU.Build.0 = Debug|Any CPU
		{57AF0AC0-96B8-4F33-9B5C-A13FB9AAF3F3}.Debug|Any CPU.Deploy.0 = Debug|Any CPU
		{57AF0AC0-96B8-4F33-9B5C-A13FB9AAF3F3}.Debug|ARM.ActiveCfg = Debug|Any CPU
		{57AF0AC0-96B8-4F33-9B5C-A13FB9AAF3F3}.Debug|ARM.Build.0 = Debug|Any CPU
		{57AF0AC0-96B8-4F33-9B5C-A13FB9AAF3F3}.Debug|ARM.Deploy.0 = Debug|Any CPU
		{57AF0AC0-96B8-4F33-9B5C-A13FB9AAF3F3}.Debug|iPhone.ActiveCfg = Debug|Any CPU
		{57AF0AC0-96B8-4F33-9B5C-A13FB9AAF3F3}.Debug|iPhone.Build.0 = Debug|Any CPU
		{57AF0AC0-96B8-4F33-9B5C-A13FB9AAF3F3}.Debug|iPhone.Deploy.0 = Debug|Any CPU
		{57AF0AC0-96B8-4F33-9B5C-A13FB9AAF3F3}.Debug|iPhoneSimulator.ActiveCfg = Debug|Any CPU
		{57AF0AC0-96B8-4F33-9B5C-A13FB9AAF3F3}.Debug|iPhoneSimulator.Build.0 = Debug|Any CPU
		{57AF0AC0-96B8-4F33-9B5C-A13FB9AAF3F3}.Debug|iPhoneSimulator.Deploy.0 = Debug|Any CPU
		{57AF0AC0-96B8-4F33-9B5C-A13FB9AAF3F3}.Debug|x64.ActiveCfg = Debug|Any CPU
		{57AF0AC0-96B8-4F33-9B5C-A13FB9AAF3F3}.Debug|x64.Build.0 = Debug|Any CPU
		{57AF0AC0-96B8-4F33-9B5C-A13FB9AAF3F3}.Debug|x64.Deploy.0 = Debug|Any CPU
		{57AF0AC0-96B8-4F33-9B5C-A13FB9AAF3F3}.Debug|x86.ActiveCfg = Debug|Any CPU
		{57AF0AC0-96B8-4F33-9B5C-A13FB9AAF3F3}.Debug|x86.Build.0 = Debug|Any CPU
		{57AF0AC0-96B8-4F33-9B5C-A13FB9AAF3F3}.Debug|x86.Deploy.0 = Debug|Any CPU
		{57AF0AC0-96B8-4F33-9B5C-A13FB9AAF3F3}.Release|Any CPU.ActiveCfg = Release|Any CPU
		{57AF0AC0-96B8-4F33-9B5C-A13FB9AAF3F3}.Release|Any CPU.Build.0 = Release|Any CPU
		{57AF0AC0-96B8-4F33-9B5C-A13FB9AAF3F3}.Release|Any CPU.Deploy.0 = Release|Any CPU
		{57AF0AC0-96B8-4F33-9B5C-A13FB9AAF3F3}.Release|ARM.ActiveCfg = Release|Any CPU
		{57AF0AC0-96B8-4F33-9B5C-A13FB9AAF3F3}.Release|ARM.Build.0 = Release|Any CPU
		{57AF0AC0-96B8-4F33-9B5C-A13FB9AAF3F3}.Release|ARM.Deploy.0 = Release|Any CPU
		{57AF0AC0-96B8-4F33-9B5C-A13FB9AAF3F3}.Release|iPhone.ActiveCfg = Release|Any CPU
		{57AF0AC0-96B8-4F33-9B5C-A13FB9AAF3F3}.Release|iPhone.Build.0 = Release|Any CPU
		{57AF0AC0-96B8-4F33-9B5C-A13FB9AAF3F3}.Release|iPhone.Deploy.0 = Release|Any CPU
		{57AF0AC0-96B8-4F33-9B5C-A13FB9AAF3F3}.Release|iPhoneSimulator.ActiveCfg = Release|Any CPU
		{57AF0AC0-96B8-4F33-9B5C-A13FB9AAF3F3}.Release|iPhoneSimulator.Build.0 = Release|Any CPU
		{57AF0AC0-96B8-4F33-9B5C-A13FB9AAF3F3}.Release|iPhoneSimulator.Deploy.0 = Release|Any CPU
		{57AF0AC0-96B8-4F33-9B5C-A13FB9AAF3F3}.Release|x64.ActiveCfg = Release|Any CPU
		{57AF0AC0-96B8-4F33-9B5C-A13FB9AAF3F3}.Release|x64.Build.0 = Release|Any CPU
		{57AF0AC0-96B8-4F33-9B5C-A13FB9AAF3F3}.Release|x64.Deploy.0 = Release|Any CPU
		{57AF0AC0-96B8-4F33-9B5C-A13FB9AAF3F3}.Release|x86.ActiveCfg = Release|Any CPU
		{57AF0AC0-96B8-4F33-9B5C-A13FB9AAF3F3}.Release|x86.Build.0 = Release|Any CPU
		{57AF0AC0-96B8-4F33-9B5C-A13FB9AAF3F3}.Release|x86.Deploy.0 = Release|Any CPU
	EndGlobalSection
	GlobalSection(SolutionProperties) = preSolution
		HideSolutionNode = FALSE
	EndGlobalSection
	GlobalSection(ExtensibilityGlobals) = postSolution
		SolutionGuid = {544BAF95-2CCD-4934-AC8C-23D7A33ADEBD}
	EndGlobalSection
EndGlobal
